
Microsoft Visual Studio Solution File, Format Version 12.00
# Visual Studio Version 16
VisualStudioVersion = 16.0.29519.181
MinimumVisualStudioVersion = 10.0.40219.1
Project("{FAE04EC0-301F-11D3-BF4B-00C04F79EFBC}") = "Epam_6", "Epam_6\Epam_6.csproj", "{B2842405-8B7D-49CE-9882-DD0F939161CA}"
EndProject
Global
	GlobalSection(SolutionConfigurationPlatforms) = preSolution
		Debug|Any CPU = Debug|Any CPU
		Release|Any CPU = Release|Any CPU
	EndGlobalSection
	GlobalSection(ProjectConfigurationPlatforms) = postSolution
		{B2842405-8B7D-49CE-9882-DD0F939161CA}.Debug|Any CPU.ActiveCfg = Debug|Any CPU
		{B2842405-8B7D-49CE-9882-DD0F939161CA}.Debug|Any CPU.Build.0 = Debug|Any CPU
		{B2842405-8B7D-49CE-9882-DD0F939161CA}.Release|Any CPU.ActiveCfg = Release|Any CPU
		{B2842405-8B7D-49CE-9882-DD0F939161CA}.Release|Any CPU.Build.0 = Release|Any CPU
	EndGlobalSection
	GlobalSection(SolutionProperties) = preSolution
		HideSolutionNode = FALSE
	EndGlobalSection
	GlobalSection(ExtensibilityGlobals) = postSolution
		SolutionGuid = {BF7680E1-CBE4-4F0B-844C-F7B12D5B58FE}
	EndGlobalSection
EndGlobal
